
Microsoft Visual Studio Solution File, Format Version 12.00
# Visual Studio Version 16
VisualStudioVersion = 16.0.31005.135
MinimumVisualStudioVersion = 10.0.40219.1
Project("{FAE04EC0-301F-11D3-BF4B-00C04F79EFBC}") = "Aplicativo1", "Aplicativo1\Aplicativo1.csproj", "{241DCC9B-B339-4C43-AF4D-E450F1C673A8}"
EndProject
Global
	GlobalSection(SolutionConfigurationPlatforms) = preSolution
		Debug|Any CPU = Debug|Any CPU
		Release|Any CPU = Release|Any CPU
	EndGlobalSection
	GlobalSection(ProjectConfigurationPlatforms) = postSolution
		{241DCC9B-B339-4C43-AF4D-E450F1C673A8}.Debug|Any CPU.ActiveCfg = Debug|Any CPU
		{241DCC9B-B339-4C43-AF4D-E450F1C673A8}.Debug|Any CPU.Build.0 = Debug|Any CPU
		{241DCC9B-B339-4C43-AF4D-E450F1C673A8}.Release|Any CPU.ActiveCfg = Release|Any CPU
		{241DCC9B-B339-4C43-AF4D-E450F1C673A8}.Release|Any CPU.Build.0 = Release|Any CPU
	EndGlobalSection
	GlobalSection(SolutionProperties) = preSolution
		HideSolutionNode = FALSE
	EndGlobalSection
	GlobalSection(ExtensibilityGlobals) = postSolution
		SolutionGuid = {5EE1D3C6-B719-4461-8C67-F96833F5249B}
	EndGlobalSection
EndGlobal
